
Microsoft Visual Studio Solution File, Format Version 12.00
# Visual Studio Version 16
VisualStudioVersion = 16.0.31515.178
MinimumVisualStudioVersion = 10.0.40219.1
Project("{FAE04EC0-301F-11D3-BF4B-00C04F79EFBC}") = "Proje_oop", "Proje_oop\Proje_oop.csproj", "{93D491B2-1ADC-426C-93F0-3264BD5D788E}"
EndProject
Global
	GlobalSection(SolutionConfigurationPlatforms) = preSolution
		Debug|Any CPU = Debug|Any CPU
		Release|Any CPU = Release|Any CPU
	EndGlobalSection
	GlobalSection(ProjectConfigurationPlatforms) = postSolution
		{93D491B2-1ADC-426C-93F0-3264BD5D788E}.Debug|Any CPU.ActiveCfg = Debug|Any CPU
		{93D491B2-1ADC-426C-93F0-3264BD5D788E}.Debug|Any CPU.Build.0 = Debug|Any CPU
		{93D491B2-1ADC-426C-93F0-3264BD5D788E}.Release|Any CPU.ActiveCfg = Release|Any CPU
		{93D491B2-1ADC-426C-93F0-3264BD5D788E}.Release|Any CPU.Build.0 = Release|Any CPU
	EndGlobalSection
	GlobalSection(SolutionProperties) = preSolution
		HideSolutionNode = FALSE
	EndGlobalSection
	GlobalSection(ExtensibilityGlobals) = postSolution
		SolutionGuid = {B0688802-6565-44CB-B418-354CBD56A4BB}
	EndGlobalSection
EndGlobal
